
Microsoft Visual Studio Solution File, Format Version 12.00
# Visual Studio Version 16
VisualStudioVersion = 16.0.31624.102
MinimumVisualStudioVersion = 10.0.40219.1
Project("{FAE04EC0-301F-11D3-BF4B-00C04F79EFBC}") = "MegaDesk", "MegaDesk\MegaDesk.csproj", "{FD77C9F8-BE55-49F5-B7B1-E0682F1726FB}"
EndProject
Global
	GlobalSection(SolutionConfigurationPlatforms) = preSolution
		Debug|Any CPU = Debug|Any CPU
		Release|Any CPU = Release|Any CPU
	EndGlobalSection
	GlobalSection(ProjectConfigurationPlatforms) = postSolution
		{FD77C9F8-BE55-49F5-B7B1-E0682F1726FB}.Debug|Any CPU.ActiveCfg = Debug|Any CPU
		{FD77C9F8-BE55-49F5-B7B1-E0682F1726FB}.Debug|Any CPU.Build.0 = Debug|Any CPU
		{FD77C9F8-BE55-49F5-B7B1-E0682F1726FB}.Release|Any CPU.ActiveCfg = Release|Any CPU
		{FD77C9F8-BE55-49F5-B7B1-E0682F1726FB}.Release|Any CPU.Build.0 = Release|Any CPU
	EndGlobalSection
	GlobalSection(SolutionProperties) = preSolution
		HideSolutionNode = FALSE
	EndGlobalSection
	GlobalSection(ExtensibilityGlobals) = postSolution
		SolutionGuid = {76882C41-CD4F-4C3E-B23D-2377C74FA605}
	EndGlobalSection
EndGlobal
